
Microsoft Visual Studio Solution File, Format Version 12.00
# Visual Studio Version 16
VisualStudioVersion = 16.0.31911.196
MinimumVisualStudioVersion = 10.0.40219.1
Project("{9A19103F-16F7-4668-BE54-9A1E7A4F7556}") = "TaxiBookingSystem.Server", "TaxiBookingSystem\Server\TaxiBookingSystem.Server.csproj", "{ED0D1574-1743-45C8-B251-D8DFE231BCD9}"
EndProject
Project("{9A19103F-16F7-4668-BE54-9A1E7A4F7556}") = "TaxiBookingSystem.Client", "TaxiBookingSystem\Client\TaxiBookingSystem.Client.csproj", "{51C4535E-76B7-4C91-AA76-891B102CC73A}"
EndProject
Project("{9A19103F-16F7-4668-BE54-9A1E7A4F7556}") = "TaxiBookingSystem.Shared", "TaxiBookingSystem\Shared\TaxiBookingSystem.Shared.csproj", "{60E5755B-B0C6-4648-B902-5BBA48FF0BE2}"
EndProject
Global
	GlobalSection(SolutionConfigurationPlatforms) = preSolution
		Debug|Any CPU = Debug|Any CPU
		Release|Any CPU = Release|Any CPU
	EndGlobalSection
	GlobalSection(ProjectConfigurationPlatforms) = postSolution
		{ED0D1574-1743-45C8-B251-D8DFE231BCD9}.Debug|Any CPU.ActiveCfg = Debug|Any CPU
		{ED0D1574-1743-45C8-B251-D8DFE231BCD9}.Debug|Any CPU.Build.0 = Debug|Any CPU
		{ED0D1574-1743-45C8-B251-D8DFE231BCD9}.Release|Any CPU.ActiveCfg = Release|Any CPU
		{ED0D1574-1743-45C8-B251-D8DFE231BCD9}.Release|Any CPU.Build.0 = Release|Any CPU
		{51C4535E-76B7-4C91-AA76-891B102CC73A}.Debug|Any CPU.ActiveCfg = Debug|Any CPU
		{51C4535E-76B7-4C91-AA76-891B102CC73A}.Debug|Any CPU.Build.0 = Debug|Any CPU
		{51C4535E-76B7-4C91-AA76-891B102CC73A}.Release|Any CPU.ActiveCfg = Release|Any CPU
		{51C4535E-76B7-4C91-AA76-891B102CC73A}.Release|Any CPU.Build.0 = Release|Any CPU
		{60E5755B-B0C6-4648-B902-5BBA48FF0BE2}.Debug|Any CPU.ActiveCfg = Debug|Any CPU
		{60E5755B-B0C6-4648-B902-5BBA48FF0BE2}.Debug|Any CPU.Build.0 = Debug|Any CPU
		{60E5755B-B0C6-4648-B902-5BBA48FF0BE2}.Release|Any CPU.ActiveCfg = Release|Any CPU
		{60E5755B-B0C6-4648-B902-5BBA48FF0BE2}.Release|Any CPU.Build.0 = Release|Any CPU
	EndGlobalSection
	GlobalSection(SolutionProperties) = preSolution
		HideSolutionNode = FALSE
	EndGlobalSection
	GlobalSection(ExtensibilityGlobals) = postSolution
		SolutionGuid = {4831FA0D-A520-4AC2-87DF-791B89F7BE3B}
	EndGlobalSection
EndGlobal
